
Microsoft Visual Studio Solution File, Format Version 12.00
# Visual Studio 14
VisualStudioVersion = 14.0.25420.1
MinimumVisualStudioVersion = 10.0.40219.1
Project("{FAE04EC0-301F-11D3-BF4B-00C04F79EFBC}") = "Demo.Droid", "Demo\Demo.Droid\Demo.Droid.csproj", "{099FB5D8-97C6-4F0F-89D5-3E30886CB7F8}"
EndProject
Project("{FAE04EC0-301F-11D3-BF4B-00C04F79EFBC}") = "Demo.iOS", "Demo\Demo.iOS\Demo.iOS.csproj", "{09338032-8F69-47AF-B6FB-1E5E0532EAC4}"
EndProject
Project("{FAE04EC0-301F-11D3-BF4B-00C04F79EFBC}") = "Demo.WinPhone", "Demo\Demo.WinPhone\Demo.WinPhone.csproj", "{B3F1FE5B-AB51-4B25-BC52-2B59594906FE}"
EndProject
Project("{FAE04EC0-301F-11D3-BF4B-00C04F79EFBC}") = "Demo.UWP", "Demo\Demo.UWP\Demo.UWP.csproj", "{AF872B80-4757-4B8B-A992-299B155F2C3F}"
EndProject
Project("{FAE04EC0-301F-11D3-BF4B-00C04F79EFBC}") = "Demo.Windows", "Demo\Demo.Windows\Demo.Windows.csproj", "{3A5DBAB5-58E3-4EE1-B334-BECC36946106}"
EndProject
Project("{FAE04EC0-301F-11D3-BF4B-00C04F79EFBC}") = "Demo", "Demo\Demo\Demo.csproj", "{0B86DB8E-EF27-4611-8AC4-2637CDBB1FCC}"
EndProject
Global
	GlobalSection(SolutionConfigurationPlatforms) = preSolution
		Ad-Hoc|Any CPU = Ad-Hoc|Any CPU
		Ad-Hoc|ARM = Ad-Hoc|ARM
		Ad-Hoc|iPhone = Ad-Hoc|iPhone
		Ad-Hoc|iPhoneSimulator = Ad-Hoc|iPhoneSimulator
		Ad-Hoc|x64 = Ad-Hoc|x64
		Ad-Hoc|x86 = Ad-Hoc|x86
		AppStore|Any CPU = AppStore|Any CPU
		AppStore|ARM = AppStore|ARM
		AppStore|iPhone = AppStore|iPhone
		AppStore|iPhoneSimulator = AppStore|iPhoneSimulator
		AppStore|x64 = AppStore|x64
		AppStore|x86 = AppStore|x86
		Debug|Any CPU = Debug|Any CPU
		Debug|ARM = Debug|ARM
		Debug|iPhone = Debug|iPhone
		Debug|iPhoneSimulator = Debug|iPhoneSimulator
		Debug|x64 = Debug|x64
		Debug|x86 = Debug|x86
		Release|Any CPU = Release|Any CPU
		Release|ARM = Release|ARM
		Release|iPhone = Release|iPhone
		Release|iPhoneSimulator = Release|iPhoneSimulator
		Release|x64 = Release|x64
		Release|x86 = Release|x86
	EndGlobalSection
	GlobalSection(ProjectConfigurationPlatforms) = postSolution
		{099FB5D8-97C6-4F0F-89D5-3E30886CB7F8}.Ad-Hoc|Any CPU.ActiveCfg = Release|Any CPU
		{099FB5D8-97C6-4F0F-89D5-3E30886CB7F8}.Ad-Hoc|Any CPU.Build.0 = Release|Any CPU
		{099FB5D8-97C6-4F0F-89D5-3E30886CB7F8}.Ad-Hoc|Any CPU.Deploy.0 = Release|Any CPU
		{099FB5D8-97C6-4F0F-89D5-3E30886CB7F8}.Ad-Hoc|ARM.ActiveCfg = Release|Any CPU
		{099FB5D8-97C6-4F0F-89D5-3E30886CB7F8}.Ad-Hoc|ARM.Build.0 = Release|Any CPU
		{099FB5D8-97C6-4F0F-89D5-3E30886CB7F8}.Ad-Hoc|ARM.Deploy.0 = Release|Any CPU
		{099FB5D8-97C6-4F0F-89D5-3E30886CB7F8}.Ad-Hoc|iPhone.ActiveCfg = Release|Any CPU
		{099FB5D8-97C6-4F0F-89D5-3E30886CB7F8}.Ad-Hoc|iPhone.Build.0 = Release|Any CPU
		{099FB5D8-97C6-4F0F-89D5-3E30886CB7F8}.Ad-Hoc|iPhone.Deploy.0 = Release|Any CPU
		{099FB5D8-97C6-4F0F-89D5-3E30886CB7F8}.Ad-Hoc|iPhoneSimulator.ActiveCfg = Release|Any CPU
		{099FB5D8-97C6-4F0F-89D5-3E30886CB7F8}.Ad-Hoc|iPhoneSimulator.Build.0 = Release|Any CPU
		{099FB5D8-97C6-4F0F-89D5-3E30886CB7F8}.Ad-Hoc|iPhoneSimulator.Deploy.0 = Release|Any CPU
		{099FB5D8-97C6-4F0F-89D5-3E30886CB7F8}.Ad-Hoc|x64.ActiveCfg = Release|Any CPU
		{099FB5D8-97C6-4F0F-89D5-3E30886CB7F8}.Ad-Hoc|x64.Build.0 = Release|Any CPU
		{099FB5D8-97C6-4F0F-89D5-3E30886CB7F8}.Ad-Hoc|x64.Deploy.0 = Release|Any CPU
		{099FB5D8-97C6-4F0F-89D5-3E30886CB7F8}.Ad-Hoc|x86.ActiveCfg = Release|Any CPU
		{099FB5D8-97C6-4F0F-89D5-3E30886CB7F8}.Ad-Hoc|x86.Build.0 = Release|Any CPU
		{099FB5D8-97C6-4F0F-89D5-3E30886CB7F8}.Ad-Hoc|x86.Deploy.0 = Release|Any CPU
		{099FB5D8-97C6-4F0F-89D5-3E30886CB7F8}.AppStore|Any CPU.ActiveCfg = Release|Any CPU
		{099FB5D8-97C6-4F0F-89D5-3E30886CB7F8}.AppStore|Any CPU.Build.0 = Release|Any CPU
		{099FB5D8-97C6-4F0F-89D5-3E30886CB7F8}.AppStore|Any CPU.Deploy.0 = Release|Any CPU
		{099FB5D8-97C6-4F0F-89D5-3E30886CB7F8}.AppStore|ARM.ActiveCfg = Release|Any CPU
		{099FB5D8-97C6-4F0F-89D5-3E30886CB7F8}.AppStore|ARM.Build.0 = Release|Any CPU
		{099FB5D8-97C6-4F0F-89D5-3E30886CB7F8}.AppStore|ARM.Deploy.0 = Release|Any CPU
		{099FB5D8-97C6-4F0F-89D5-3E30886CB7F8}.AppStore|iPhone.ActiveCfg = Release|Any CPU
		{099FB5D8-97C6-4F0F-89D5-3E30886CB7F8}.AppStore|iPhone.Build.0 = Release|Any CPU
		{099FB5D8-97C6-4F0F-89D5-3E30886CB7F8}.AppStore|iPhone.Deploy.0 = Release|Any CPU
		{099FB5D8-97C6-4F0F-89D5-3E30886CB7F8}.AppStore|iPhoneSimulator.ActiveCfg = Release|Any CPU
		{099FB5D8-97C6-4F0F-89D5-3E30886CB7F8}.AppStore|iPhoneSimulator.Build.0 = Release|Any CPU
		{099FB5D8-97C6-4F0F-89D5-3E30886CB7F8}.AppStore|iPhoneSimulator.Deploy.0 = Release|Any CPU
		{099FB5D8-97C6-4F0F-89D5-3E30886CB7F8}.AppStore|x64.ActiveCfg = Release|Any CPU
		{099FB5D8-97C6-4F0F-89D5-3E30886CB7F8}.AppStore|x64.Build.0 = Release|Any CPU
		{099FB5D8-97C6-4F0F-89D5-3E30886CB7F8}.AppStore|x64.Deploy.0 = Release|Any CPU
		{099FB5D8-97C6-4F0F-89D5-3E30886CB7F8}.AppStore|x86.ActiveCfg = Release|Any CPU
		{099FB5D8-97C6-4F0F-89D5-3E30886CB7F8}.AppStore|x86.Build.0 = Release|Any CPU
		{099FB5D8-97C6-4F0F-89D5-3E30886CB7F8}.AppStore|x86.Deploy.0 = Release|Any CPU
		{099FB5D8-97C6-4F0F-89D5-3E30886CB7F8}.Debug|Any CPU.ActiveCfg = Debug|Any CPU
		{099FB5D8-97C6-4F0F-89D5-3E30886CB7F8}.Debug|Any CPU.Build.0 = Debug|Any CPU
		{099FB5D8-97C6-4F0F-89D5-3E30886CB7F8}.Debug|Any CPU.Deploy.0 = Debug|Any CPU
		{099FB5D8-97C6-4F0F-89D5-3E30886CB7F8}.Debug|ARM.ActiveCfg = Debug|Any CPU
		{099FB5D8-97C6-4F0F-89D5-3E30886CB7F8}.Debug|ARM.Build.0 = Debug|Any CPU
		{099FB5D8-97C6-4F0F-89D5-3E30886CB7F8}.Debug|ARM.Deploy.0 = Debug|Any CPU
		{099FB5D8-97C6-4F0F-89D5-3E30886CB7F8}.Debug|iPhone.ActiveCfg = Debug|Any CPU
		{099FB5D8-97C6-4F0F-89D5-3E30886CB7F8}.Debug|iPhone.Build.0 = Debug|Any CPU
		{099FB5D8-97C6-4F0F-89D5-3E30886CB7F8}.Debug|iPhone.Deploy.0 = Debug|Any CPU
		{099FB5D8-97C6-4F0F-89D5-3E30886CB7F8}.Debug|iPhoneSimulator.ActiveCfg = Debug|Any CPU
		{099FB5D8-97C6-4F0F-89D5-3E30886CB7F8}.Debug|iPhoneSimulator.Build.0 = Debug|Any CPU
		{099FB5D8-97C6-4F0F-89D5-3E30886CB7F8}.Debug|iPhoneSimulator.Deploy.0 = Debug|Any CPU
		{099FB5D8-97C6-4F0F-89D5-3E30886CB7F8}.Debug|x64.ActiveCfg = Debug|Any CPU
		{099FB5D8-97C6-4F0F-89D5-3E30886CB7F8}.Debug|x64.Build.0 = Debug|Any CPU
		{099FB5D8-97C6-4F0F-89D5-3E30886CB7F8}.Debug|x64.Deploy.0 = Debug|Any CPU
		{099FB5D8-97C6-4F0F-89D5-3E30886CB7F8}.Debug|x86.ActiveCfg = Debug|Any CPU
		{099FB5D8-97C6-4F0F-89D5-3E30886CB7F8}.Debug|x86.Build.0 = Debug|Any CPU
		{099FB5D8-97C6-4F0F-89D5-3E30886CB7F8}.Debug|x86.Deploy.0 = Debug|Any CPU
		{099FB5D8-97C6-4F0F-89D5-3E30886CB7F8}.Release|Any CPU.ActiveCfg = Release|Any CPU
		{099FB5D8-97C6-4F0F-89D5-3E30886CB7F8}.Release|Any CPU.Build.0 = Release|Any CPU
		{099FB5D8-97C6-4F0F-89D5-3E30886CB7F8}.Release|Any CPU.Deploy.0 = Release|Any CPU
		{099FB5D8-97C6-4F0F-89D5-3E30886CB7F8}.Release|ARM.ActiveCfg = Release|Any CPU
		{099FB5D8-97C6-4F0F-89D5-3E30886CB7F8}.Release|ARM.Build.0 = Release|Any CPU
		{099FB5D8-97C6-4F0F-89D5-3E30886CB7F8}.Release|ARM.Deploy.0 = Release|Any CPU
		{099FB5D8-97C6-4F0F-89D5-3E30886CB7F8}.Release|iPhone.ActiveCfg = Release|Any CPU
		{099FB5D8-97C6-4F0F-89D5-3E30886CB7F8}.Release|iPhone.Build.0 = Release|Any CPU
		{099FB5D8-97C6-4F0F-89D5-3E30886CB7F8}.Release|iPhone.Deploy.0 = Release|Any CPU
		{099FB5D8-97C6-4F0F-89D5-3E30886CB7F8}.Release|iPhoneSimulator.ActiveCfg = Release|Any CPU
		{099FB5D8-97C6-4F0F-89D5-3E30886CB7F8}.Release|iPhoneSimulator.Build.0 = Release|Any CPU
		{099FB5D8-97C6-4F0F-89D5-3E30886CB7F8}.Release|iPhoneSimulator.Deploy.0 = Release|Any CPU
		{099FB5D8-97C6-4F0F-89D5-3E30886CB7F8}.Release|x64.ActiveCfg = Release|Any CPU
		{099FB5D8-97C6-4F0F-89D5-3E30886CB7F8}.Release|x64.Build.0 = Release|Any CPU
		{099FB5D8-97C6-4F0F-89D5-3E30886CB7F8}.Release|x64.Deploy.0 = Release|Any CPU
		{099FB5D8-97C6-4F0F-89D5-3E30886CB7F8}.Release|x86.ActiveCfg = Release|Any CPU
		{099FB5D8-97C6-4F0F-89D5-3E30886CB7F8}.Release|x86.Build.0 = Release|Any CPU
		{099FB5D8-97C6-4F0F-89D5-3E30886CB7F8}.Release|x86.Deploy.0 = Release|Any CPU
		{09338032-8F69-47AF-B6FB-1E5E0532EAC4}.Ad-Hoc|Any CPU.ActiveCfg = Ad-Hoc|iPhone
		{09338032-8F69-47AF-B6FB-1E5E0532EAC4}.Ad-Hoc|ARM.ActiveCfg = Ad-Hoc|iPhone
		{09338032-8F69-47AF-B6FB-1E5E0532EAC4}.Ad-Hoc|iPhone.ActiveCfg = Ad-Hoc|iPhone
		{09338032-8F69-47AF-B6FB-1E5E0532EAC4}.Ad-Hoc|iPhone.Build.0 = Ad-Hoc|iPhone
		{09338032-8F69-47AF-B6FB-1E5E0532EAC4}.Ad-Hoc|iPhoneSimulator.ActiveCfg = Ad-Hoc|iPhoneSimulator
		{09338032-8F69-47AF-B6FB-1E5E0532EAC4}.Ad-Hoc|iPhoneSimulator.Build.0 = Ad-Hoc|iPhoneSimulator
		{09338032-8F69-47AF-B6FB-1E5E0532EAC4}.Ad-Hoc|x64.ActiveCfg = Ad-Hoc|iPhone
		{09338032-8F69-47AF-B6FB-1E5E0532EAC4}.Ad-Hoc|x86.ActiveCfg = Ad-Hoc|iPhone
		{09338032-8F69-47AF-B6FB-1E5E0532EAC4}.AppStore|Any CPU.ActiveCfg = AppStore|iPhone
		{09338032-8F69-47AF-B6FB-1E5E0532EAC4}.AppStore|ARM.ActiveCfg = AppStore|iPhone
		{09338032-8F69-47AF-B6FB-1E5E0532EAC4}.AppStore|iPhone.ActiveCfg = AppStore|iPhone
		{09338032-8F69-47AF-B6FB-1E5E0532EAC4}.AppStore|iPhone.Build.0 = AppStore|iPhone
		{09338032-8F69-47AF-B6FB-1E5E0532EAC4}.AppStore|iPhoneSimulator.ActiveCfg = AppStore|iPhoneSimulator
		{09338032-8F69-47AF-B6FB-1E5E0532EAC4}.AppStore|iPhoneSimulator.Build.0 = AppStore|iPhoneSimulator
		{09338032-8F69-47AF-B6FB-1E5E0532EAC4}.AppStore|x64.ActiveCfg = AppStore|iPhone
		{09338032-8F69-47AF-B6FB-1E5E0532EAC4}.AppStore|x86.ActiveCfg = AppStore|iPhone
		{09338032-8F69-47AF-B6FB-1E5E0532EAC4}.Debug|Any CPU.ActiveCfg = Debug|iPhone
		{09338032-8F69-47AF-B6FB-1E5E0532EAC4}.Debug|ARM.ActiveCfg = Debug|iPhone
		{09338032-8F69-47AF-B6FB-1E5E0532EAC4}.Debug|iPhone.ActiveCfg = Debug|iPhone
		{09338032-8F69-47AF-B6FB-1E5E0532EAC4}.Debug|iPhone.Build.0 = Debug|iPhone
		{09338032-8F69-47AF-B6FB-1E5E0532EAC4}.Debug|iPhoneSimulator.ActiveCfg = Debug|iPhoneSimulator
		{09338032-8F69-47AF-B6FB-1E5E0532EAC4}.Debug|iPhoneSimulator.Build.0 = Debug|iPhoneSimulator
		{09338032-8F69-47AF-B6FB-1E5E0532EAC4}.Debug|x64.ActiveCfg = Debug|iPhone
		{09338032-8F69-47AF-B6FB-1E5E0532EAC4}.Debug|x86.ActiveCfg = Debug|iPhone
		{09338032-8F69-47AF-B6FB-1E5E0532EAC4}.Release|Any CPU.ActiveCfg = Release|iPhone
		{09338032-8F69-47AF-B6FB-1E5E0532EAC4}.Release|ARM.ActiveCfg = Release|iPhone
		{09338032-8F69-47AF-B6FB-1E5E0532EAC4}.Release|iPhone.ActiveCfg = Release|iPhone
		{09338032-8F69-47AF-B6FB-1E5E0532EAC4}.Release|iPhone.Build.0 = Release|iPhone
		{09338032-8F69-47AF-B6FB-1E5E0532EAC4}.Release|iPhoneSimulator.ActiveCfg = Release|iPhoneSimulator
		{09338032-8F69-47AF-B6FB-1E5E0532EAC4}.Release|iPhoneSimulator.Build.0 = Release|iPhoneSimulator
		{09338032-8F69-47AF-B6FB-1E5E0532EAC4}.Release|x64.ActiveCfg = Release|iPhone
		{09338032-8F69-47AF-B6FB-1E5E0532EAC4}.Release|x86.ActiveCfg = Release|iPhone
		{B3F1FE5B-AB51-4B25-BC52-2B59594906FE}.Ad-Hoc|Any CPU.ActiveCfg = Release|Any CPU
		{B3F1FE5B-AB51-4B25-BC52-2B59594906FE}.Ad-Hoc|Any CPU.Build.0 = Release|Any CPU
		{B3F1FE5B-AB51-4B25-BC52-2B59594906FE}.Ad-Hoc|Any CPU.Deploy.0 = Release|Any CPU
		{B3F1FE5B-AB51-4B25-BC52-2B59594906FE}.Ad-Hoc|ARM.ActiveCfg = Release|ARM
		{B3F1FE5B-AB51-4B25-BC52-2B59594906FE}.Ad-Hoc|ARM.Build.0 = Release|ARM
		{B3F1FE5B-AB51-4B25-BC52-2B59594906FE}.Ad-Hoc|ARM.Deploy.0 = Release|ARM
		{B3F1FE5B-AB51-4B25-BC52-2B59594906FE}.Ad-Hoc|iPhone.ActiveCfg = Release|Any CPU
		{B3F1FE5B-AB51-4B25-BC52-2B59594906FE}.Ad-Hoc|iPhone.Build.0 = Release|Any CPU
		{B3F1FE5B-AB51-4B25-BC52-2B59594906FE}.Ad-Hoc|iPhone.Deploy.0 = Release|Any CPU
		{B3F1FE5B-AB51-4B25-BC52-2B59594906FE}.Ad-Hoc|iPhoneSimulator.ActiveCfg = Release|Any CPU
		{B3F1FE5B-AB51-4B25-BC52-2B59594906FE}.Ad-Hoc|iPhoneSimulator.Build.0 = Release|Any CPU
		{B3F1FE5B-AB51-4B25-BC52-2B59594906FE}.Ad-Hoc|iPhoneSimulator.Deploy.0 = Release|Any CPU
		{B3F1FE5B-AB51-4B25-BC52-2B59594906FE}.Ad-Hoc|x64.ActiveCfg = Release|Any CPU
		{B3F1FE5B-AB51-4B25-BC52-2B59594906FE}.Ad-Hoc|x64.Build.0 = Release|Any CPU
		{B3F1FE5B-AB51-4B25-BC52-2B59594906FE}.Ad-Hoc|x64.Deploy.0 = Release|Any CPU
		{B3F1FE5B-AB51-4B25-BC52-2B59594906FE}.Ad-Hoc|x86.ActiveCfg = Release|x86
		{B3F1FE5B-AB51-4B25-BC52-2B59594906FE}.Ad-Hoc|x86.Build.0 = Release|x86
		{B3F1FE5B-AB51-4B25-BC52-2B59594906FE}.Ad-Hoc|x86.Deploy.0 = Release|x86
		{B3F1FE5B-AB51-4B25-BC52-2B59594906FE}.AppStore|Any CPU.ActiveCfg = Release|Any CPU
		{B3F1FE5B-AB51-4B25-BC52-2B59594906FE}.AppStore|Any CPU.Build.0 = Release|Any CPU
		{B3F1FE5B-AB51-4B25-BC52-2B59594906FE}.AppStore|Any CPU.Deploy.0 = Release|Any CPU
		{B3F1FE5B-AB51-4B25-BC52-2B59594906FE}.AppStore|ARM.ActiveCfg = Release|ARM
		{B3F1FE5B-AB51-4B25-BC52-2B59594906FE}.AppStore|ARM.Build.0 = Release|ARM
		{B3F1FE5B-AB51-4B25-BC52-2B59594906FE}.AppStore|ARM.Deploy.0 = Release|ARM
		{B3F1FE5B-AB51-4B25-BC52-2B59594906FE}.AppStore|iPhone.ActiveCfg = Release|Any CPU
		{B3F1FE5B-AB51-4B25-BC52-2B59594906FE}.AppStore|iPhone.Build.0 = Release|Any CPU
		{B3F1FE5B-AB51-4B25-BC52-2B59594906FE}.AppStore|iPhone.Deploy.0 = Release|Any CPU
		{B3F1FE5B-AB51-4B25-BC52-2B59594906FE}.AppStore|iPhoneSimulator.ActiveCfg = Release|Any CPU
		{B3F1FE5B-AB51-4B25-BC52-2B59594906FE}.AppStore|iPhoneSimulator.Build.0 = Release|Any CPU
		{B3F1FE5B-AB51-4B25-BC52-2B59594906FE}.AppStore|iPhoneSimulator.Deploy.0 = Release|Any CPU
		{B3F1FE5B-AB51-4B25-BC52-2B59594906FE}.AppStore|x64.ActiveCfg = Release|Any CPU
		{B3F1FE5B-AB51-4B25-BC52-2B59594906FE}.AppStore|x64.Build.0 = Release|Any CPU
		{B3F1FE5B-AB51-4B25-BC52-2B59594906FE}.AppStore|x64.Deploy.0 = Release|Any CPU
		{B3F1FE5B-AB51-4B25-BC52-2B59594906FE}.AppStore|x86.ActiveCfg = Release|x86
		{B3F1FE5B-AB51-4B25-BC52-2B59594906FE}.AppStore|x86.Build.0 = Release|x86
		{B3F1FE5B-AB51-4B25-BC52-2B59594906FE}.AppStore|x86.Deploy.0 = Release|x86
		{B3F1FE5B-AB51-4B25-BC52-2B59594906FE}.Debug|Any CPU.ActiveCfg = Debug|Any CPU
		{B3F1FE5B-AB51-4B25-BC52-2B59594906FE}.Debug|Any CPU.Build.0 = Debug|Any CPU
		{B3F1FE5B-AB51-4B25-BC52-2B59594906FE}.Debug|Any CPU.Deploy.0 = Debug|Any CPU
		{B3F1FE5B-AB51-4B25-BC52-2B59594906FE}.Debug|ARM.ActiveCfg = Debug|ARM
		{B3F1FE5B-AB51-4B25-BC52-2B59594906FE}.Debug|ARM.Build.0 = Debug|ARM
		{B3F1FE5B-AB51-4B25-BC52-2B59594906FE}.Debug|ARM.Deploy.0 = Debug|ARM
		{B3F1FE5B-AB51-4B25-BC52-2B59594906FE}.Debug|iPhone.ActiveCfg = Debug|Any CPU
		{B3F1FE5B-AB51-4B25-BC52-2B59594906FE}.Debug|iPhone.Build.0 = Debug|Any CPU
		{B3F1FE5B-AB51-4B25-BC52-2B59594906FE}.Debug|iPhone.Deploy.0 = Debug|Any CPU
		{B3F1FE5B-AB51-4B25-BC52-2B59594906FE}.Debug|iPhoneSimulator.ActiveCfg = Debug|Any CPU
		{B3F1FE5B-AB51-4B25-BC52-2B59594906FE}.Debug|iPhoneSimulator.Build.0 = Debug|Any CPU
		{B3F1FE5B-AB51-4B25-BC52-2B59594906FE}.Debug|iPhoneSimulator.Deploy.0 = Debug|Any CPU
		{B3F1FE5B-AB51-4B25-BC52-2B59594906FE}.Debug|x64.ActiveCfg = Debug|Any CPU
		{B3F1FE5B-AB51-4B25-BC52-2B59594906FE}.Debug|x64.Build.0 = Debug|Any CPU
		{B3F1FE5B-AB51-4B25-BC52-2B59594906FE}.Debug|x64.Deploy.0 = Debug|Any CPU
		{B3F1FE5B-AB51-4B25-BC52-2B59594906FE}.Debug|x86.ActiveCfg = Debug|x86
		{B3F1FE5B-AB51-4B25-BC52-2B59594906FE}.Debug|x86.Build.0 = Debug|x86
		{B3F1FE5B-AB51-4B25-BC52-2B59594906FE}.Debug|x86.Deploy.0 = Debug|x86
		{B3F1FE5B-AB51-4B25-BC52-2B59594906FE}.Release|Any CPU.ActiveCfg = Release|Any CPU
		{B3F1FE5B-AB51-4B25-BC52-2B59594906FE}.Release|Any CPU.Build.0 = Release|Any CPU
		{B3F1FE5B-AB51-4B25-BC52-2B59594906FE}.Release|Any CPU.Deploy.0 = Release|Any CPU
		{B3F1FE5B-AB51-4B25-BC52-2B59594906FE}.Release|ARM.ActiveCfg = Release|ARM
		{B3F1FE5B-AB51-4B25-BC52-2B59594906FE}.Release|ARM.Build.0 = Release|ARM
		{B3F1FE5B-AB51-4B25-BC52-2B59594906FE}.Release|ARM.Deploy.0 = Release|ARM
		{B3F1FE5B-AB51-4B25-BC52-2B59594906FE}.Release|iPhone.ActiveCfg = Release|Any CPU
		{B3F1FE5B-AB51-4B25-BC52-2B59594906FE}.Release|iPhone.Build.0 = Release|Any CPU
		{B3F1FE5B-AB51-4B25-BC52-2B59594906FE}.Release|iPhone.Deploy.0 = Release|Any CPU
		{B3F1FE5B-AB51-4B25-BC52-2B59594906FE}.Release|iPhoneSimulator.ActiveCfg = Release|Any CPU
		{B3F1FE5B-AB51-4B25-BC52-2B59594906FE}.Release|iPhoneSimulator.Build.0 = Release|Any CPU
		{B3F1FE5B-AB51-4B25-BC52-2B59594906FE}.Release|iPhoneSimulator.Deploy.0 = Release|Any CPU
		{B3F1FE5B-AB51-4B25-BC52-2B59594906FE}.Release|x64.ActiveCfg = Release|Any CPU
		{B3F1FE5B-AB51-4B25-BC52-2B59594906FE}.Release|x64.Build.0 = Release|Any CPU
		{B3F1FE5B-AB51-4B25-BC52-2B59594906FE}.Release|x64.Deploy.0 = Release|Any CPU
		{B3F1FE5B-AB51-4B25-BC52-2B59594906FE}.Release|x86.ActiveCfg = Release|x86
		{B3F1FE5B-AB51-4B25-BC52-2B59594906FE}.Release|x86.Build.0 = Release|x86
		{B3F1FE5B-AB51-4B25-BC52-2B59594906FE}.Release|x86.Deploy.0 = Release|x86
		{AF872B80-4757-4B8B-A992-299B155F2C3F}.Ad-Hoc|Any CPU.ActiveCfg = Release|x86
		{AF872B80-4757-4B8B-A992-299B155F2C3F}.Ad-Hoc|Any CPU.Build.0 = Release|x86
		{AF872B80-4757-4B8B-A992-299B155F2C3F}.Ad-Hoc|Any CPU.Deploy.0 = Release|x86
		{AF872B80-4757-4B8B-A992-299B155F2C3F}.Ad-Hoc|ARM.ActiveCfg = Release|ARM
		{AF872B80-4757-4B8B-A992-299B155F2C3F}.Ad-Hoc|ARM.Build.0 = Release|ARM
		{AF872B80-4757-4B8B-A992-299B155F2C3F}.Ad-Hoc|ARM.Deploy.0 = Release|ARM
		{AF872B80-4757-4B8B-A992-299B155F2C3F}.Ad-Hoc|iPhone.ActiveCfg = Release|x86
		{AF872B80-4757-4B8B-A992-299B155F2C3F}.Ad-Hoc|iPhone.Build.0 = Release|x86
		{AF872B80-4757-4B8B-A992-299B155F2C3F}.Ad-Hoc|iPhone.Deploy.0 = Release|x86
		{AF872B80-4757-4B8B-A992-299B155F2C3F}.Ad-Hoc|iPhoneSimulator.ActiveCfg = Release|x86
		{AF872B80-4757-4B8B-A992-299B155F2C3F}.Ad-Hoc|iPhoneSimulator.Build.0 = Release|x86
		{AF872B80-4757-4B8B-A992-299B155F2C3F}.Ad-Hoc|iPhoneSimulator.Deploy.0 = Release|x86
		{AF872B80-4757-4B8B-A992-299B155F2C3F}.Ad-Hoc|x64.ActiveCfg = Release|x64
		{AF872B80-4757-4B8B-A992-299B155F2C3F}.Ad-Hoc|x64.Build.0 = Release|x64
		{AF872B80-4757-4B8B-A992-299B155F2C3F}.Ad-Hoc|x64.Deploy.0 = Release|x64
		{AF872B80-4757-4B8B-A992-299B155F2C3F}.Ad-Hoc|x86.ActiveCfg = Release|x86
		{AF872B80-4757-4B8B-A992-299B155F2C3F}.Ad-Hoc|x86.Build.0 = Release|x86
		{AF872B80-4757-4B8B-A992-299B155F2C3F}.Ad-Hoc|x86.Deploy.0 = Release|x86
		{AF872B80-4757-4B8B-A992-299B155F2C3F}.AppStore|Any CPU.ActiveCfg = Release|x86
		{AF872B80-4757-4B8B-A992-299B155F2C3F}.AppStore|Any CPU.Build.0 = Release|x86
		{AF872B80-4757-4B8B-A992-299B155F2C3F}.AppStore|Any CPU.Deploy.0 = Release|x86
		{AF872B80-4757-4B8B-A992-299B155F2C3F}.AppStore|ARM.ActiveCfg = Release|ARM
		{AF872B80-4757-4B8B-A992-299B155F2C3F}.AppStore|ARM.Build.0 = Release|ARM
		{AF872B80-4757-4B8B-A992-299B155F2C3F}.AppStore|ARM.Deploy.0 = Release|ARM
		{AF872B80-4757-4B8B-A992-299B155F2C3F}.AppStore|iPhone.ActiveCfg = Release|x86
		{AF872B80-4757-4B8B-A992-299B155F2C3F}.AppStore|iPhone.Build.0 = Release|x86
		{AF872B80-4757-4B8B-A992-299B155F2C3F}.AppStore|iPhone.Deploy.0 = Release|x86
		{AF872B80-4757-4B8B-A992-299B155F2C3F}.AppStore|iPhoneSimulator.ActiveCfg = Release|x86
		{AF872B80-4757-4B8B-A992-299B155F2C3F}.AppStore|iPhoneSimulator.Build.0 = Release|x86
		{AF872B80-4757-4B8B-A992-299B155F2C3F}.AppStore|iPhoneSimulator.Deploy.0 = Release|x86
		{AF872B80-4757-4B8B-A992-299B155F2C3F}.AppStore|x64.ActiveCfg = Release|x64
		{AF872B80-4757-4B8B-A992-299B155F2C3F}.AppStore|x64.Build.0 = Release|x64
		{AF872B80-4757-4B8B-A992-299B155F2C3F}.AppStore|x64.Deploy.0 = Release|x64
		{AF872B80-4757-4B8B-A992-299B155F2C3F}.AppStore|x86.ActiveCfg = Release|x86
		{AF872B80-4757-4B8B-A992-299B155F2C3F}.AppStore|x86.Build.0 = Release|x86
		{AF872B80-4757-4B8B-A992-299B155F2C3F}.AppStore|x86.Deploy.0 = Release|x86
		{AF872B80-4757-4B8B-A992-299B155F2C3F}.Debug|Any CPU.ActiveCfg = Debug|x86
		{AF872B80-4757-4B8B-A992-299B155F2C3F}.Debug|ARM.ActiveCfg = Debug|ARM
		{AF872B80-4757-4B8B-A992-299B155F2C3F}.Debug|ARM.Build.0 = Debug|ARM
		{AF872B80-4757-4B8B-A992-299B155F2C3F}.Debug|ARM.Deploy.0 = Debug|ARM
		{AF872B80-4757-4B8B-A992-299B155F2C3F}.Debug|iPhone.ActiveCfg = Debug|x86
		{AF872B80-4757-4B8B-A992-299B155F2C3F}.Debug|iPhoneSimulator.ActiveCfg = Debug|x86
		{AF872B80-4757-4B8B-A992-299B155F2C3F}.Debug|x64.ActiveCfg = Debug|x64
		{AF872B80-4757-4B8B-A992-299B155F2C3F}.Debug|x64.Build.0 = Debug|x64
		{AF872B80-4757-4B8B-A992-299B155F2C3F}.Debug|x64.Deploy.0 = Debug|x64
		{AF872B80-4757-4B8B-A992-299B155F2C3F}.Debug|x86.ActiveCfg = Debug|x86
		{AF872B80-4757-4B8B-A992-299B155F2C3F}.Debug|x86.Build.0 = Debug|x86
		{AF872B80-4757-4B8B-A992-299B155F2C3F}.Debug|x86.Deploy.0 = Debug|x86
		{AF872B80-4757-4B8B-A992-299B155F2C3F}.Release|Any CPU.ActiveCfg = Release|x86
		{AF872B80-4757-4B8B-A992-299B155F2C3F}.Release|ARM.ActiveCfg = Release|ARM
		{AF872B80-4757-4B8B-A992-299B155F2C3F}.Release|ARM.Build.0 = Release|ARM
		{AF872B80-4757-4B8B-A992-299B155F2C3F}.Release|ARM.Deploy.0 = Release|ARM
		{AF872B80-4757-4B8B-A992-299B155F2C3F}.Release|iPhone.ActiveCfg = Release|x86
		{AF872B80-4757-4B8B-A992-299B155F2C3F}.Release|iPhoneSimulator.ActiveCfg = Release|x86
		{AF872B80-4757-4B8B-A992-299B155F2C3F}.Release|x64.ActiveCfg = Release|x64
		{AF872B80-4757-4B8B-A992-299B155F2C3F}.Release|x64.Build.0 = Release|x64
		{AF872B80-4757-4B8B-A992-299B155F2C3F}.Release|x64.Deploy.0 = Release|x64
		{AF872B80-4757-4B8B-A992-299B155F2C3F}.Release|x86.ActiveCfg = Release|x86
		{AF872B80-4757-4B8B-A992-299B155F2C3F}.Release|x86.Build.0 = Release|x86
		{AF872B80-4757-4B8B-A992-299B155F2C3F}.Release|x86.Deploy.0 = Release|x86
		{3A5DBAB5-58E3-4EE1-B334-BECC36946106}.Ad-Hoc|Any CPU.ActiveCfg = Release|Any CPU
		{3A5DBAB5-58E3-4EE1-B334-BECC36946106}.Ad-Hoc|Any CPU.Build.0 = Release|Any CPU
		{3A5DBAB5-58E3-4EE1-B334-BECC36946106}.Ad-Hoc|Any CPU.Deploy.0 = Release|Any CPU
		{3A5DBAB5-58E3-4EE1-B334-BECC36946106}.Ad-Hoc|ARM.ActiveCfg = Release|ARM
		{3A5DBAB5-58E3-4EE1-B334-BECC36946106}.Ad-Hoc|ARM.Build.0 = Release|ARM
		{3A5DBAB5-58E3-4EE1-B334-BECC36946106}.Ad-Hoc|ARM.Deploy.0 = Release|ARM
		{3A5DBAB5-58E3-4EE1-B334-BECC36946106}.Ad-Hoc|iPhone.ActiveCfg = Release|Any CPU
		{3A5DBAB5-58E3-4EE1-B334-BECC36946106}.Ad-Hoc|iPhone.Build.0 = Release|Any CPU
		{3A5DBAB5-58E3-4EE1-B334-BECC36946106}.Ad-Hoc|iPhone.Deploy.0 = Release|Any CPU
		{3A5DBAB5-58E3-4EE1-B334-BECC36946106}.Ad-Hoc|iPhoneSimulator.ActiveCfg = Release|Any CPU
		{3A5DBAB5-58E3-4EE1-B334-BECC36946106}.Ad-Hoc|iPhoneSimulator.Build.0 = Release|Any CPU
		{3A5DBAB5-58E3-4EE1-B334-BECC36946106}.Ad-Hoc|iPhoneSimulator.Deploy.0 = Release|Any CPU
		{3A5DBAB5-58E3-4EE1-B334-BECC36946106}.Ad-Hoc|x64.ActiveCfg = Release|x64
		{3A5DBAB5-58E3-4EE1-B334-BECC36946106}.Ad-Hoc|x64.Build.0 = Release|x64
		{3A5DBAB5-58E3-4EE1-B334-BECC36946106}.Ad-Hoc|x64.Deploy.0 = Release|x64
		{3A5DBAB5-58E3-4EE1-B334-BECC36946106}.Ad-Hoc|x86.ActiveCfg = Release|x86
		{3A5DBAB5-58E3-4EE1-B334-BECC36946106}.Ad-Hoc|x86.Build.0 = Release|x86
		{3A5DBAB5-58E3-4EE1-B334-BECC36946106}.Ad-Hoc|x86.Deploy.0 = Release|x86
		{3A5DBAB5-58E3-4EE1-B334-BECC36946106}.AppStore|Any CPU.ActiveCfg = Release|Any CPU
		{3A5DBAB5-58E3-4EE1-B334-BECC36946106}.AppStore|Any CPU.Build.0 = Release|Any CPU
		{3A5DBAB5-58E3-4EE1-B334-BECC36946106}.AppStore|Any CPU.Deploy.0 = Release|Any CPU
		{3A5DBAB5-58E3-4EE1-B334-BECC36946106}.AppStore|ARM.ActiveCfg = Release|ARM
		{3A5DBAB5-58E3-4EE1-B334-BECC36946106}.AppStore|ARM.Build.0 = Release|ARM
		{3A5DBAB5-58E3-4EE1-B334-BECC36946106}.AppStore|ARM.Deploy.0 = Release|ARM
		{3A5DBAB5-58E3-4EE1-B334-BECC36946106}.AppStore|iPhone.ActiveCfg = Release|Any CPU
		{3A5DBAB5-58E3-4EE1-B334-BECC36946106}.AppStore|iPhone.Build.0 = Release|Any CPU
		{3A5DBAB5-58E3-4EE1-B334-BECC36946106}.AppStore|iPhone.Deploy.0 = Release|Any CPU
		{3A5DBAB5-58E3-4EE1-B334-BECC36946106}.AppStore|iPhoneSimulator.ActiveCfg = Release|Any CPU
		{3A5DBAB5-58E3-4EE1-B334-BECC36946106}.AppStore|iPhoneSimulator.Build.0 = Release|Any CPU
		{3A5DBAB5-58E3-4EE1-B334-BECC36946106}.AppStore|iPhoneSimulator.Deploy.0 = Release|Any CPU
		{3A5DBAB5-58E3-4EE1-B334-BECC36946106}.AppStore|x64.ActiveCfg = Release|x64
		{3A5DBAB5-58E3-4EE1-B334-BECC36946106}.AppStore|x64.Build.0 = Release|x64
		{3A5DBAB5-58E3-4EE1-B334-BECC36946106}.AppStore|x64.Deploy.0 = Release|x64
		{3A5DBAB5-58E3-4EE1-B334-BECC36946106}.AppStore|x86.ActiveCfg = Release|x86
		{3A5DBAB5-58E3-4EE1-B334-BECC36946106}.AppStore|x86.Build.0 = Release|x86
		{3A5DBAB5-58E3-4EE1-B334-BECC36946106}.AppStore|x86.Deploy.0 = Release|x86
		{3A5DBAB5-58E3-4EE1-B334-BECC36946106}.Debug|Any CPU.ActiveCfg = Debug|Any CPU
		{3A5DBAB5-58E3-4EE1-B334-BECC36946106}.Debug|Any CPU.Build.0 = Debug|Any CPU
		{3A5DBAB5-58E3-4EE1-B334-BECC36946106}.Debug|Any CPU.Deploy.0 = Debug|Any CPU
		{3A5DBAB5-58E3-4EE1-B334-BECC36946106}.Debug|ARM.ActiveCfg = Debug|ARM
		{3A5DBAB5-58E3-4EE1-B334-BECC36946106}.Debug|ARM.Build.0 = Debug|ARM
		{3A5DBAB5-58E3-4EE1-B334-BECC36946106}.Debug|ARM.Deploy.0 = Debug|ARM
		{3A5DBAB5-58E3-4EE1-B334-BECC36946106}.Debug|iPhone.ActiveCfg = Debug|Any CPU
		{3A5DBAB5-58E3-4EE1-B334-BECC36946106}.Debug|iPhone.Build.0 = Debug|Any CPU
		{3A5DBAB5-58E3-4EE1-B334-BECC36946106}.Debug|iPhone.Deploy.0 = Debug|Any CPU
		{3A5DBAB5-58E3-4EE1-B334-BECC36946106}.Debug|iPhoneSimulator.ActiveCfg = Debug|Any CPU
		{3A5DBAB5-58E3-4EE1-B334-BECC36946106}.Debug|iPhoneSimulator.Build.0 = Debug|Any CPU
		{3A5DBAB5-58E3-4EE1-B334-BECC36946106}.Debug|iPhoneSimulator.Deploy.0 = Debug|Any CPU
		{3A5DBAB5-58E3-4EE1-B334-BECC36946106}.Debug|x64.ActiveCfg = Debug|x64
		{3A5DBAB5-58E3-4EE1-B334-BECC36946106}.Debug|x64.Build.0 = Debug|x64
		{3A5DBAB5-58E3-4EE1-B334-BECC36946106}.Debug|x64.Deploy.0 = Debug|x64
		{3A5DBAB5-58E3-4EE1-B334-BECC36946106}.Debug|x86.ActiveCfg = Debug|x86
		{3A5DBAB5-58E3-4EE1-B334-BECC36946106}.Debug|x86.Build.0 = Debug|x86
		{3A5DBAB5-58E3-4EE1-B334-BECC36946106}.Debug|x86.Deploy.0 = Debug|x86
		{3A5DBAB5-58E3-4EE1-B334-BECC36946106}.Release|Any CPU.ActiveCfg = Release|Any CPU
		{3A5DBAB5-58E3-4EE1-B334-BECC36946106}.Release|Any CPU.Build.0 = Release|Any CPU
		{3A5DBAB5-58E3-4EE1-B334-BECC36946106}.Release|Any CPU.Deploy.0 = Release|Any CPU
		{3A5DBAB5-58E3-4EE1-B334-BECC36946106}.Release|ARM.ActiveCfg = Release|ARM
		{3A5DBAB5-58E3-4EE1-B334-BECC36946106}.Release|ARM.Build.0 = Release|ARM
		{3A5DBAB5-58E3-4EE1-B334-BECC36946106}.Release|ARM.Deploy.0 = Release|ARM
		{3A5DBAB5-58E3-4EE1-B334-BECC36946106}.Release|iPhone.ActiveCfg = Release|Any CPU
		{3A5DBAB5-58E3-4EE1-B334-BECC36946106}.Release|iPhone.Build.0 = Release|Any CPU
		{3A5DBAB5-58E3-4EE1-B334-BECC36946106}.Release|iPhone.Deploy.0 = Release|Any CPU
		{3A5DBAB5-58E3-4EE1-B334-BECC36946106}.Release|iPhoneSimulator.ActiveCfg = Release|Any CPU
		{3A5DBAB5-58E3-4EE1-B334-BECC36946106}.Release|iPhoneSimulator.Build.0 = Release|Any CPU
		{3A5DBAB5-58E3-4EE1-B334-BECC36946106}.Release|iPhoneSimulator.Deploy.0 = Release|Any CPU
		{3A5DBAB5-58E3-4EE1-B334-BECC36946106}.Release|x64.ActiveCfg = Release|x64
		{3A5DBAB5-58E3-4EE1-B334-BECC36946106}.Release|x64.Build.0 = Release|x64
		{3A5DBAB5-58E3-4EE1-B334-BECC36946106}.Release|x64.Deploy.0 = Release|x64
		{3A5DBAB5-58E3-4EE1-B334-BECC36946106}.Release|x86.ActiveCfg = Release|x86
		{3A5DBAB5-58E3-4EE1-B334-BECC36946106}.Release|x86.Build.0 = Release|x86
		{3A5DBAB5-58E3-4EE1-B334-BECC36946106}.Release|x86.Deploy.0 = Release|x86
		{0B86DB8E-EF27-4611-8AC4-2637CDBB1FCC}.Ad-Hoc|Any CPU.ActiveCfg = Release|Any CPU
		{0B86DB8E-EF27-4611-8AC4-2637CDBB1FCC}.Ad-Hoc|Any CPU.Build.0 = Release|Any CPU
		{0B86DB8E-EF27-4611-8AC4-2637CDBB1FCC}.Ad-Hoc|ARM.ActiveCfg = Release|Any CPU
		{0B86DB8E-EF27-4611-8AC4-2637CDBB1FCC}.Ad-Hoc|ARM.Build.0 = Release|Any CPU
		{0B86DB8E-EF27-4611-8AC4-2637CDBB1FCC}.Ad-Hoc|iPhone.ActiveCfg = Release|Any CPU
		{0B86DB8E-EF27-4611-8AC4-2637CDBB1FCC}.Ad-Hoc|iPhone.Build.0 = Release|Any CPU
		{0B86DB8E-EF27-4611-8AC4-2637CDBB1FCC}.Ad-Hoc|iPhoneSimulator.ActiveCfg = Release|Any CPU
		{0B86DB8E-EF27-4611-8AC4-2637CDBB1FCC}.Ad-Hoc|iPhoneSimulator.Build.0 = Release|Any CPU
		{0B86DB8E-EF27-4611-8AC4-2637CDBB1FCC}.Ad-Hoc|x64.ActiveCfg = Release|Any CPU
		{0B86DB8E-EF27-4611-8AC4-2637CDBB1FCC}.Ad-Hoc|x64.Build.0 = Release|Any CPU
		{0B86DB8E-EF27-4611-8AC4-2637CDBB1FCC}.Ad-Hoc|x86.ActiveCfg = Release|Any CPU
		{0B86DB8E-EF27-4611-8AC4-2637CDBB1FCC}.Ad-Hoc|x86.Build.0 = Release|Any CPU
		{0B86DB8E-EF27-4611-8AC4-2637CDBB1FCC}.AppStore|Any CPU.ActiveCfg = Release|Any CPU
		{0B86DB8E-EF27-4611-8AC4-2637CDBB1FCC}.AppStore|Any CPU.Build.0 = Release|Any CPU
		{0B86DB8E-EF27-4611-8AC4-2637CDBB1FCC}.AppStore|ARM.ActiveCfg = Release|Any CPU
		{0B86DB8E-EF27-4611-8AC4-2637CDBB1FCC}.AppStore|ARM.Build.0 = Release|Any CPU
		{0B86DB8E-EF27-4611-8AC4-2637CDBB1FCC}.AppStore|iPhone.ActiveCfg = Release|Any CPU
		{0B86DB8E-EF27-4611-8AC4-2637CDBB1FCC}.AppStore|iPhone.Build.0 = Release|Any CPU
		{0B86DB8E-EF27-4611-8AC4-2637CDBB1FCC}.AppStore|iPhoneSimulator.ActiveCfg = Release|Any CPU
		{0B86DB8E-EF27-4611-8AC4-2637CDBB1FCC}.AppStore|iPhoneSimulator.Build.0 = Release|Any CPU
		{0B86DB8E-EF27-4611-8AC4-2637CDBB1FCC}.AppStore|x64.ActiveCfg = Release|Any CPU
		{0B86DB8E-EF27-4611-8AC4-2637CDBB1FCC}.AppStore|x64.Build.0 = Release|Any CPU
		{0B86DB8E-EF27-4611-8AC4-2637CDBB1FCC}.AppStore|x86.ActiveCfg = Release|Any CPU
		{0B86DB8E-EF27-4611-8AC4-2637CDBB1FCC}.AppStore|x86.Build.0 = Release|Any CPU
		{0B86DB8E-EF27-4611-8AC4-2637CDBB1FCC}.Debug|Any CPU.ActiveCfg = Debug|Any CPU
		{0B86DB8E-EF27-4611-8AC4-2637CDBB1FCC}.Debug|Any CPU.Build.0 = Debug|Any CPU
		{0B86DB8E-EF27-4611-8AC4-2637CDBB1FCC}.Debug|ARM.ActiveCfg = Debug|Any CPU
		{0B86DB8E-EF27-4611-8AC4-2637CDBB1FCC}.Debug|ARM.Build.0 = Debug|Any CPU
		{0B86DB8E-EF27-4611-8AC4-2637CDBB1FCC}.Debug|iPhone.ActiveCfg = Debug|Any CPU
		{0B86DB8E-EF27-4611-8AC4-2637CDBB1FCC}.Debug|iPhone.Build.0 = Debug|Any CPU
		{0B86DB8E-EF27-4611-8AC4-2637CDBB1FCC}.Debug|iPhoneSimulator.ActiveCfg = Debug|Any CPU
		{0B86DB8E-EF27-4611-8AC4-2637CDBB1FCC}.Debug|iPhoneSimulator.Build.0 = Debug|Any CPU
		{0B86DB8E-EF27-4611-8AC4-2637CDBB1FCC}.Debug|x64.ActiveCfg = Debug|Any CPU
		{0B86DB8E-EF27-4611-8AC4-2637CDBB1FCC}.Debug|x64.Build.0 = Debug|Any CPU
		{0B86DB8E-EF27-4611-8AC4-2637CDBB1FCC}.Debug|x86.ActiveCfg = Debug|Any CPU
		{0B86DB8E-EF27-4611-8AC4-2637CDBB1FCC}.Debug|x86.Build.0 = Debug|Any CPU
		{0B86DB8E-EF27-4611-8AC4-2637CDBB1FCC}.Release|Any CPU.ActiveCfg = Release|Any CPU
		{0B86DB8E-EF27-4611-8AC4-2637CDBB1FCC}.Release|Any CPU.Build.0 = Release|Any CPU
		{0B86DB8E-EF27-4611-8AC4-2637CDBB1FCC}.Release|ARM.ActiveCfg = Release|Any CPU
		{0B86DB8E-EF27-4611-8AC4-2637CDBB1FCC}.Release|ARM.Build.0 = Release|Any CPU
		{0B86DB8E-EF27-4611-8AC4-2637CDBB1FCC}.Release|iPhone.ActiveCfg = Release|Any CPU
		{0B86DB8E-EF27-4611-8AC4-2637CDBB1FCC}.Release|iPhone.Build.0 = Release|Any CPU
		{0B86DB8E-EF27-4611-8AC4-2637CDBB1FCC}.Release|iPhoneSimulator.ActiveCfg = Release|Any CPU
		{0B86DB8E-EF27-4611-8AC4-2637CDBB1FCC}.Release|iPhoneSimulator.Build.0 = Release|Any CPU
		{0B86DB8E-EF27-4611-8AC4-2637CDBB1FCC}.Release|x64.ActiveCfg = Release|Any CPU
		{0B86DB8E-EF27-4611-8AC4-2637CDBB1FCC}.Release|x64.Build.0 = Release|Any CPU
		{0B86DB8E-EF27-4611-8AC4-2637CDBB1FCC}.Release|x86.ActiveCfg = Release|Any CPU
		{0B86DB8E-EF27-4611-8AC4-2637CDBB1FCC}.Release|x86.Build.0 = Release|Any CPU
	EndGlobalSection
	GlobalSection(SolutionProperties) = preSolution
		HideSolutionNode = FALSE
	EndGlobalSection
EndGlobal
