
Microsoft Visual Studio Solution File, Format Version 12.00
# Visual Studio 2013
VisualStudioVersion = 12.0.30723.0
MinimumVisualStudioVersion = 10.0.40219.1
Project("{FAE04EC0-301F-11D3-BF4B-00C04F79EFBC}") = "HelloCSharp", "HelloCSharp\HelloCSharp\HelloCSharp.csproj", "{C83DA485-79D5-47B9-881A-E1E3BF19714C}"
EndProject
Project("{FAE04EC0-301F-11D3-BF4B-00C04F79EFBC}") = "HelloCSharp.iOS", "HelloCSharp\HelloCSharp.iOS\HelloCSharp.iOS.csproj", "{8EA3705B-3DB3-4D3E-89A8-94FA40A204FC}"
EndProject
Project("{FAE04EC0-301F-11D3-BF4B-00C04F79EFBC}") = "HelloCSharp.Android", "HelloCSharp\HelloCSharp.Android\HelloCSharp.Android.csproj", "{F50804DA-F629-4DAA-87E2-E94B0D35A859}"
EndProject
Project("{FAE04EC0-301F-11D3-BF4B-00C04F79EFBC}") = "HelloCSharp.WinPhone", "HelloCSharp\HelloCSharp.WinPhone\HelloCSharp.WinPhone.csproj", "{33291989-A0A3-4737-9866-6FA8520C5BC6}"
EndProject
Global
	GlobalSection(SolutionConfigurationPlatforms) = preSolution
		Ad-Hoc|Any CPU = Ad-Hoc|Any CPU
		Ad-Hoc|ARM = Ad-Hoc|ARM
		Ad-Hoc|iPhone = Ad-Hoc|iPhone
		Ad-Hoc|iPhoneSimulator = Ad-Hoc|iPhoneSimulator
		Ad-Hoc|Mixed Platforms = Ad-Hoc|Mixed Platforms
		Ad-Hoc|x86 = Ad-Hoc|x86
		AppStore|Any CPU = AppStore|Any CPU
		AppStore|ARM = AppStore|ARM
		AppStore|iPhone = AppStore|iPhone
		AppStore|iPhoneSimulator = AppStore|iPhoneSimulator
		AppStore|Mixed Platforms = AppStore|Mixed Platforms
		AppStore|x86 = AppStore|x86
		Debug|Any CPU = Debug|Any CPU
		Debug|ARM = Debug|ARM
		Debug|iPhone = Debug|iPhone
		Debug|iPhoneSimulator = Debug|iPhoneSimulator
		Debug|Mixed Platforms = Debug|Mixed Platforms
		Debug|x86 = Debug|x86
		Release|Any CPU = Release|Any CPU
		Release|ARM = Release|ARM
		Release|iPhone = Release|iPhone
		Release|iPhoneSimulator = Release|iPhoneSimulator
		Release|Mixed Platforms = Release|Mixed Platforms
		Release|x86 = Release|x86
	EndGlobalSection
	GlobalSection(ProjectConfigurationPlatforms) = postSolution
		{C83DA485-79D5-47B9-881A-E1E3BF19714C}.Ad-Hoc|Any CPU.ActiveCfg = Release|Any CPU
		{C83DA485-79D5-47B9-881A-E1E3BF19714C}.Ad-Hoc|Any CPU.Build.0 = Release|Any CPU
		{C83DA485-79D5-47B9-881A-E1E3BF19714C}.Ad-Hoc|ARM.ActiveCfg = Release|Any CPU
		{C83DA485-79D5-47B9-881A-E1E3BF19714C}.Ad-Hoc|iPhone.ActiveCfg = Release|Any CPU
		{C83DA485-79D5-47B9-881A-E1E3BF19714C}.Ad-Hoc|iPhoneSimulator.ActiveCfg = Release|Any CPU
		{C83DA485-79D5-47B9-881A-E1E3BF19714C}.Ad-Hoc|Mixed Platforms.ActiveCfg = Release|Any CPU
		{C83DA485-79D5-47B9-881A-E1E3BF19714C}.Ad-Hoc|Mixed Platforms.Build.0 = Release|Any CPU
		{C83DA485-79D5-47B9-881A-E1E3BF19714C}.Ad-Hoc|x86.ActiveCfg = Release|Any CPU
		{C83DA485-79D5-47B9-881A-E1E3BF19714C}.AppStore|Any CPU.ActiveCfg = Release|Any CPU
		{C83DA485-79D5-47B9-881A-E1E3BF19714C}.AppStore|Any CPU.Build.0 = Release|Any CPU
		{C83DA485-79D5-47B9-881A-E1E3BF19714C}.AppStore|ARM.ActiveCfg = Release|Any CPU
		{C83DA485-79D5-47B9-881A-E1E3BF19714C}.AppStore|iPhone.ActiveCfg = Release|Any CPU
		{C83DA485-79D5-47B9-881A-E1E3BF19714C}.AppStore|iPhoneSimulator.ActiveCfg = Release|Any CPU
		{C83DA485-79D5-47B9-881A-E1E3BF19714C}.AppStore|Mixed Platforms.ActiveCfg = Release|Any CPU
		{C83DA485-79D5-47B9-881A-E1E3BF19714C}.AppStore|Mixed Platforms.Build.0 = Release|Any CPU
		{C83DA485-79D5-47B9-881A-E1E3BF19714C}.AppStore|x86.ActiveCfg = Release|Any CPU
		{C83DA485-79D5-47B9-881A-E1E3BF19714C}.Debug|Any CPU.ActiveCfg = Debug|Any CPU
		{C83DA485-79D5-47B9-881A-E1E3BF19714C}.Debug|Any CPU.Build.0 = Debug|Any CPU
		{C83DA485-79D5-47B9-881A-E1E3BF19714C}.Debug|ARM.ActiveCfg = Debug|Any CPU
		{C83DA485-79D5-47B9-881A-E1E3BF19714C}.Debug|iPhone.ActiveCfg = Debug|Any CPU
		{C83DA485-79D5-47B9-881A-E1E3BF19714C}.Debug|iPhoneSimulator.ActiveCfg = Debug|Any CPU
		{C83DA485-79D5-47B9-881A-E1E3BF19714C}.Debug|Mixed Platforms.ActiveCfg = Debug|Any CPU
		{C83DA485-79D5-47B9-881A-E1E3BF19714C}.Debug|Mixed Platforms.Build.0 = Debug|Any CPU
		{C83DA485-79D5-47B9-881A-E1E3BF19714C}.Debug|x86.ActiveCfg = Debug|Any CPU
		{C83DA485-79D5-47B9-881A-E1E3BF19714C}.Release|Any CPU.ActiveCfg = Release|Any CPU
		{C83DA485-79D5-47B9-881A-E1E3BF19714C}.Release|Any CPU.Build.0 = Release|Any CPU
		{C83DA485-79D5-47B9-881A-E1E3BF19714C}.Release|ARM.ActiveCfg = Release|Any CPU
		{C83DA485-79D5-47B9-881A-E1E3BF19714C}.Release|iPhone.ActiveCfg = Release|Any CPU
		{C83DA485-79D5-47B9-881A-E1E3BF19714C}.Release|iPhoneSimulator.ActiveCfg = Release|Any CPU
		{C83DA485-79D5-47B9-881A-E1E3BF19714C}.Release|Mixed Platforms.ActiveCfg = Release|Any CPU
		{C83DA485-79D5-47B9-881A-E1E3BF19714C}.Release|Mixed Platforms.Build.0 = Release|Any CPU
		{C83DA485-79D5-47B9-881A-E1E3BF19714C}.Release|x86.ActiveCfg = Release|Any CPU
		{8EA3705B-3DB3-4D3E-89A8-94FA40A204FC}.Ad-Hoc|Any CPU.ActiveCfg = Ad-Hoc|iPhone
		{8EA3705B-3DB3-4D3E-89A8-94FA40A204FC}.Ad-Hoc|ARM.ActiveCfg = Ad-Hoc|iPhone
		{8EA3705B-3DB3-4D3E-89A8-94FA40A204FC}.Ad-Hoc|iPhone.ActiveCfg = Ad-Hoc|iPhone
		{8EA3705B-3DB3-4D3E-89A8-94FA40A204FC}.Ad-Hoc|iPhone.Build.0 = Ad-Hoc|iPhone
		{8EA3705B-3DB3-4D3E-89A8-94FA40A204FC}.Ad-Hoc|iPhoneSimulator.ActiveCfg = Ad-Hoc|iPhoneSimulator
		{8EA3705B-3DB3-4D3E-89A8-94FA40A204FC}.Ad-Hoc|iPhoneSimulator.Build.0 = Ad-Hoc|iPhoneSimulator
		{8EA3705B-3DB3-4D3E-89A8-94FA40A204FC}.Ad-Hoc|Mixed Platforms.ActiveCfg = Ad-Hoc|iPhone
		{8EA3705B-3DB3-4D3E-89A8-94FA40A204FC}.Ad-Hoc|Mixed Platforms.Build.0 = Ad-Hoc|iPhone
		{8EA3705B-3DB3-4D3E-89A8-94FA40A204FC}.Ad-Hoc|x86.ActiveCfg = Ad-Hoc|iPhone
		{8EA3705B-3DB3-4D3E-89A8-94FA40A204FC}.AppStore|Any CPU.ActiveCfg = AppStore|iPhone
		{8EA3705B-3DB3-4D3E-89A8-94FA40A204FC}.AppStore|ARM.ActiveCfg = AppStore|iPhone
		{8EA3705B-3DB3-4D3E-89A8-94FA40A204FC}.AppStore|iPhone.ActiveCfg = AppStore|iPhone
		{8EA3705B-3DB3-4D3E-89A8-94FA40A204FC}.AppStore|iPhone.Build.0 = AppStore|iPhone
		{8EA3705B-3DB3-4D3E-89A8-94FA40A204FC}.AppStore|iPhoneSimulator.ActiveCfg = AppStore|iPhoneSimulator
		{8EA3705B-3DB3-4D3E-89A8-94FA40A204FC}.AppStore|iPhoneSimulator.Build.0 = AppStore|iPhoneSimulator
		{8EA3705B-3DB3-4D3E-89A8-94FA40A204FC}.AppStore|Mixed Platforms.ActiveCfg = AppStore|iPhone
		{8EA3705B-3DB3-4D3E-89A8-94FA40A204FC}.AppStore|Mixed Platforms.Build.0 = AppStore|iPhone
		{8EA3705B-3DB3-4D3E-89A8-94FA40A204FC}.AppStore|x86.ActiveCfg = AppStore|iPhone
		{8EA3705B-3DB3-4D3E-89A8-94FA40A204FC}.Debug|Any CPU.ActiveCfg = Debug|iPhone
		{8EA3705B-3DB3-4D3E-89A8-94FA40A204FC}.Debug|ARM.ActiveCfg = Debug|iPhone
		{8EA3705B-3DB3-4D3E-89A8-94FA40A204FC}.Debug|iPhone.ActiveCfg = Debug|iPhone
		{8EA3705B-3DB3-4D3E-89A8-94FA40A204FC}.Debug|iPhone.Build.0 = Debug|iPhone
		{8EA3705B-3DB3-4D3E-89A8-94FA40A204FC}.Debug|iPhoneSimulator.ActiveCfg = Debug|iPhoneSimulator
		{8EA3705B-3DB3-4D3E-89A8-94FA40A204FC}.Debug|iPhoneSimulator.Build.0 = Debug|iPhoneSimulator
		{8EA3705B-3DB3-4D3E-89A8-94FA40A204FC}.Debug|Mixed Platforms.ActiveCfg = Debug|iPhone
		{8EA3705B-3DB3-4D3E-89A8-94FA40A204FC}.Debug|Mixed Platforms.Build.0 = Debug|iPhone
		{8EA3705B-3DB3-4D3E-89A8-94FA40A204FC}.Debug|x86.ActiveCfg = Debug|iPhone
		{8EA3705B-3DB3-4D3E-89A8-94FA40A204FC}.Release|Any CPU.ActiveCfg = Release|iPhone
		{8EA3705B-3DB3-4D3E-89A8-94FA40A204FC}.Release|ARM.ActiveCfg = Release|iPhone
		{8EA3705B-3DB3-4D3E-89A8-94FA40A204FC}.Release|iPhone.ActiveCfg = Release|iPhone
		{8EA3705B-3DB3-4D3E-89A8-94FA40A204FC}.Release|iPhone.Build.0 = Release|iPhone
		{8EA3705B-3DB3-4D3E-89A8-94FA40A204FC}.Release|iPhoneSimulator.ActiveCfg = Release|iPhoneSimulator
		{8EA3705B-3DB3-4D3E-89A8-94FA40A204FC}.Release|iPhoneSimulator.Build.0 = Release|iPhoneSimulator
		{8EA3705B-3DB3-4D3E-89A8-94FA40A204FC}.Release|Mixed Platforms.ActiveCfg = Release|iPhone
		{8EA3705B-3DB3-4D3E-89A8-94FA40A204FC}.Release|Mixed Platforms.Build.0 = Release|iPhone
		{8EA3705B-3DB3-4D3E-89A8-94FA40A204FC}.Release|x86.ActiveCfg = Release|iPhone
		{F50804DA-F629-4DAA-87E2-E94B0D35A859}.Ad-Hoc|Any CPU.ActiveCfg = Release|Any CPU
		{F50804DA-F629-4DAA-87E2-E94B0D35A859}.Ad-Hoc|Any CPU.Build.0 = Release|Any CPU
		{F50804DA-F629-4DAA-87E2-E94B0D35A859}.Ad-Hoc|Any CPU.Deploy.0 = Release|Any CPU
		{F50804DA-F629-4DAA-87E2-E94B0D35A859}.Ad-Hoc|ARM.ActiveCfg = Release|Any CPU
		{F50804DA-F629-4DAA-87E2-E94B0D35A859}.Ad-Hoc|iPhone.ActiveCfg = Release|Any CPU
		{F50804DA-F629-4DAA-87E2-E94B0D35A859}.Ad-Hoc|iPhoneSimulator.ActiveCfg = Release|Any CPU
		{F50804DA-F629-4DAA-87E2-E94B0D35A859}.Ad-Hoc|Mixed Platforms.ActiveCfg = Release|Any CPU
		{F50804DA-F629-4DAA-87E2-E94B0D35A859}.Ad-Hoc|Mixed Platforms.Build.0 = Release|Any CPU
		{F50804DA-F629-4DAA-87E2-E94B0D35A859}.Ad-Hoc|Mixed Platforms.Deploy.0 = Release|Any CPU
		{F50804DA-F629-4DAA-87E2-E94B0D35A859}.Ad-Hoc|x86.ActiveCfg = Release|Any CPU
		{F50804DA-F629-4DAA-87E2-E94B0D35A859}.AppStore|Any CPU.ActiveCfg = Release|Any CPU
		{F50804DA-F629-4DAA-87E2-E94B0D35A859}.AppStore|Any CPU.Build.0 = Release|Any CPU
		{F50804DA-F629-4DAA-87E2-E94B0D35A859}.AppStore|Any CPU.Deploy.0 = Release|Any CPU
		{F50804DA-F629-4DAA-87E2-E94B0D35A859}.AppStore|ARM.ActiveCfg = Release|Any CPU
		{F50804DA-F629-4DAA-87E2-E94B0D35A859}.AppStore|iPhone.ActiveCfg = Release|Any CPU
		{F50804DA-F629-4DAA-87E2-E94B0D35A859}.AppStore|iPhoneSimulator.ActiveCfg = Release|Any CPU
		{F50804DA-F629-4DAA-87E2-E94B0D35A859}.AppStore|Mixed Platforms.ActiveCfg = Release|Any CPU
		{F50804DA-F629-4DAA-87E2-E94B0D35A859}.AppStore|Mixed Platforms.Build.0 = Release|Any CPU
		{F50804DA-F629-4DAA-87E2-E94B0D35A859}.AppStore|Mixed Platforms.Deploy.0 = Release|Any CPU
		{F50804DA-F629-4DAA-87E2-E94B0D35A859}.AppStore|x86.ActiveCfg = Release|Any CPU
		{F50804DA-F629-4DAA-87E2-E94B0D35A859}.Debug|Any CPU.ActiveCfg = Debug|Any CPU
		{F50804DA-F629-4DAA-87E2-E94B0D35A859}.Debug|Any CPU.Build.0 = Debug|Any CPU
		{F50804DA-F629-4DAA-87E2-E94B0D35A859}.Debug|Any CPU.Deploy.0 = Debug|Any CPU
		{F50804DA-F629-4DAA-87E2-E94B0D35A859}.Debug|ARM.ActiveCfg = Debug|Any CPU
		{F50804DA-F629-4DAA-87E2-E94B0D35A859}.Debug|iPhone.ActiveCfg = Debug|Any CPU
		{F50804DA-F629-4DAA-87E2-E94B0D35A859}.Debug|iPhoneSimulator.ActiveCfg = Debug|Any CPU
		{F50804DA-F629-4DAA-87E2-E94B0D35A859}.Debug|Mixed Platforms.ActiveCfg = Debug|Any CPU
		{F50804DA-F629-4DAA-87E2-E94B0D35A859}.Debug|Mixed Platforms.Build.0 = Debug|Any CPU
		{F50804DA-F629-4DAA-87E2-E94B0D35A859}.Debug|Mixed Platforms.Deploy.0 = Debug|Any CPU
		{F50804DA-F629-4DAA-87E2-E94B0D35A859}.Debug|x86.ActiveCfg = Debug|Any CPU
		{F50804DA-F629-4DAA-87E2-E94B0D35A859}.Release|Any CPU.ActiveCfg = Release|Any CPU
		{F50804DA-F629-4DAA-87E2-E94B0D35A859}.Release|Any CPU.Build.0 = Release|Any CPU
		{F50804DA-F629-4DAA-87E2-E94B0D35A859}.Release|Any CPU.Deploy.0 = Release|Any CPU
		{F50804DA-F629-4DAA-87E2-E94B0D35A859}.Release|ARM.ActiveCfg = Release|Any CPU
		{F50804DA-F629-4DAA-87E2-E94B0D35A859}.Release|iPhone.ActiveCfg = Release|Any CPU
		{F50804DA-F629-4DAA-87E2-E94B0D35A859}.Release|iPhoneSimulator.ActiveCfg = Release|Any CPU
		{F50804DA-F629-4DAA-87E2-E94B0D35A859}.Release|Mixed Platforms.ActiveCfg = Release|Any CPU
		{F50804DA-F629-4DAA-87E2-E94B0D35A859}.Release|Mixed Platforms.Build.0 = Release|Any CPU
		{F50804DA-F629-4DAA-87E2-E94B0D35A859}.Release|Mixed Platforms.Deploy.0 = Release|Any CPU
		{F50804DA-F629-4DAA-87E2-E94B0D35A859}.Release|x86.ActiveCfg = Release|Any CPU
		{33291989-A0A3-4737-9866-6FA8520C5BC6}.Ad-Hoc|Any CPU.ActiveCfg = Release|Any CPU
		{33291989-A0A3-4737-9866-6FA8520C5BC6}.Ad-Hoc|Any CPU.Build.0 = Release|Any CPU
		{33291989-A0A3-4737-9866-6FA8520C5BC6}.Ad-Hoc|Any CPU.Deploy.0 = Release|Any CPU
		{33291989-A0A3-4737-9866-6FA8520C5BC6}.Ad-Hoc|ARM.ActiveCfg = Release|ARM
		{33291989-A0A3-4737-9866-6FA8520C5BC6}.Ad-Hoc|ARM.Build.0 = Release|ARM
		{33291989-A0A3-4737-9866-6FA8520C5BC6}.Ad-Hoc|ARM.Deploy.0 = Release|ARM
		{33291989-A0A3-4737-9866-6FA8520C5BC6}.Ad-Hoc|iPhone.ActiveCfg = Release|Any CPU
		{33291989-A0A3-4737-9866-6FA8520C5BC6}.Ad-Hoc|iPhoneSimulator.ActiveCfg = Release|Any CPU
		{33291989-A0A3-4737-9866-6FA8520C5BC6}.Ad-Hoc|Mixed Platforms.ActiveCfg = Release|x86
		{33291989-A0A3-4737-9866-6FA8520C5BC6}.Ad-Hoc|Mixed Platforms.Build.0 = Release|x86
		{33291989-A0A3-4737-9866-6FA8520C5BC6}.Ad-Hoc|Mixed Platforms.Deploy.0 = Release|x86
		{33291989-A0A3-4737-9866-6FA8520C5BC6}.Ad-Hoc|x86.ActiveCfg = Release|x86
		{33291989-A0A3-4737-9866-6FA8520C5BC6}.Ad-Hoc|x86.Build.0 = Release|x86
		{33291989-A0A3-4737-9866-6FA8520C5BC6}.Ad-Hoc|x86.Deploy.0 = Release|x86
		{33291989-A0A3-4737-9866-6FA8520C5BC6}.AppStore|Any CPU.ActiveCfg = Release|Any CPU
		{33291989-A0A3-4737-9866-6FA8520C5BC6}.AppStore|Any CPU.Build.0 = Release|Any CPU
		{33291989-A0A3-4737-9866-6FA8520C5BC6}.AppStore|Any CPU.Deploy.0 = Release|Any CPU
		{33291989-A0A3-4737-9866-6FA8520C5BC6}.AppStore|ARM.ActiveCfg = Release|ARM
		{33291989-A0A3-4737-9866-6FA8520C5BC6}.AppStore|ARM.Build.0 = Release|ARM
		{33291989-A0A3-4737-9866-6FA8520C5BC6}.AppStore|ARM.Deploy.0 = Release|ARM
		{33291989-A0A3-4737-9866-6FA8520C5BC6}.AppStore|iPhone.ActiveCfg = Release|Any CPU
		{33291989-A0A3-4737-9866-6FA8520C5BC6}.AppStore|iPhoneSimulator.ActiveCfg = Release|Any CPU
		{33291989-A0A3-4737-9866-6FA8520C5BC6}.AppStore|Mixed Platforms.ActiveCfg = Release|x86
		{33291989-A0A3-4737-9866-6FA8520C5BC6}.AppStore|Mixed Platforms.Build.0 = Release|x86
		{33291989-A0A3-4737-9866-6FA8520C5BC6}.AppStore|Mixed Platforms.Deploy.0 = Release|x86
		{33291989-A0A3-4737-9866-6FA8520C5BC6}.AppStore|x86.ActiveCfg = Release|x86
		{33291989-A0A3-4737-9866-6FA8520C5BC6}.AppStore|x86.Build.0 = Release|x86
		{33291989-A0A3-4737-9866-6FA8520C5BC6}.AppStore|x86.Deploy.0 = Release|x86
		{33291989-A0A3-4737-9866-6FA8520C5BC6}.Debug|Any CPU.ActiveCfg = Debug|Any CPU
		{33291989-A0A3-4737-9866-6FA8520C5BC6}.Debug|Any CPU.Build.0 = Debug|Any CPU
		{33291989-A0A3-4737-9866-6FA8520C5BC6}.Debug|Any CPU.Deploy.0 = Debug|Any CPU
		{33291989-A0A3-4737-9866-6FA8520C5BC6}.Debug|ARM.ActiveCfg = Debug|ARM
		{33291989-A0A3-4737-9866-6FA8520C5BC6}.Debug|ARM.Build.0 = Debug|ARM
		{33291989-A0A3-4737-9866-6FA8520C5BC6}.Debug|ARM.Deploy.0 = Debug|ARM
		{33291989-A0A3-4737-9866-6FA8520C5BC6}.Debug|iPhone.ActiveCfg = Debug|Any CPU
		{33291989-A0A3-4737-9866-6FA8520C5BC6}.Debug|iPhoneSimulator.ActiveCfg = Debug|Any CPU
		{33291989-A0A3-4737-9866-6FA8520C5BC6}.Debug|Mixed Platforms.ActiveCfg = Debug|x86
		{33291989-A0A3-4737-9866-6FA8520C5BC6}.Debug|Mixed Platforms.Build.0 = Debug|x86
		{33291989-A0A3-4737-9866-6FA8520C5BC6}.Debug|Mixed Platforms.Deploy.0 = Debug|x86
		{33291989-A0A3-4737-9866-6FA8520C5BC6}.Debug|x86.ActiveCfg = Debug|x86
		{33291989-A0A3-4737-9866-6FA8520C5BC6}.Debug|x86.Build.0 = Debug|x86
		{33291989-A0A3-4737-9866-6FA8520C5BC6}.Debug|x86.Deploy.0 = Debug|x86
		{33291989-A0A3-4737-9866-6FA8520C5BC6}.Release|Any CPU.ActiveCfg = Release|Any CPU
		{33291989-A0A3-4737-9866-6FA8520C5BC6}.Release|Any CPU.Build.0 = Release|Any CPU
		{33291989-A0A3-4737-9866-6FA8520C5BC6}.Release|Any CPU.Deploy.0 = Release|Any CPU
		{33291989-A0A3-4737-9866-6FA8520C5BC6}.Release|ARM.ActiveCfg = Release|ARM
		{33291989-A0A3-4737-9866-6FA8520C5BC6}.Release|ARM.Build.0 = Release|ARM
		{33291989-A0A3-4737-9866-6FA8520C5BC6}.Release|ARM.Deploy.0 = Release|ARM
		{33291989-A0A3-4737-9866-6FA8520C5BC6}.Release|iPhone.ActiveCfg = Release|Any CPU
		{33291989-A0A3-4737-9866-6FA8520C5BC6}.Release|iPhoneSimulator.ActiveCfg = Release|Any CPU
		{33291989-A0A3-4737-9866-6FA8520C5BC6}.Release|Mixed Platforms.ActiveCfg = Release|x86
		{33291989-A0A3-4737-9866-6FA8520C5BC6}.Release|Mixed Platforms.Build.0 = Release|x86
		{33291989-A0A3-4737-9866-6FA8520C5BC6}.Release|Mixed Platforms.Deploy.0 = Release|x86
		{33291989-A0A3-4737-9866-6FA8520C5BC6}.Release|x86.ActiveCfg = Release|x86
		{33291989-A0A3-4737-9866-6FA8520C5BC6}.Release|x86.Build.0 = Release|x86
		{33291989-A0A3-4737-9866-6FA8520C5BC6}.Release|x86.Deploy.0 = Release|x86
	EndGlobalSection
	GlobalSection(SolutionProperties) = preSolution
		HideSolutionNode = FALSE
	EndGlobalSection
EndGlobal
